
Microsoft Visual Studio Solution File, Format Version 12.00
# Visual Studio Version 16
VisualStudioVersion = 16.0.31424.327
MinimumVisualStudioVersion = 10.0.40219.1
Project("{FAE04EC0-301F-11D3-BF4B-00C04F79EFBC}") = "FundManager", "FundManager\FundManager.csproj", "{4795BC83-B293-4065-BA09-4B69044807A5}"
EndProject
Global
	GlobalSection(SolutionConfigurationPlatforms) = preSolution
		Debug|Any CPU = Debug|Any CPU
		Release|Any CPU = Release|Any CPU
	EndGlobalSection
	GlobalSection(ProjectConfigurationPlatforms) = postSolution
		{4795BC83-B293-4065-BA09-4B69044807A5}.Debug|Any CPU.ActiveCfg = Debug|Any CPU
		{4795BC83-B293-4065-BA09-4B69044807A5}.Debug|Any CPU.Build.0 = Debug|Any CPU
		{4795BC83-B293-4065-BA09-4B69044807A5}.Release|Any CPU.ActiveCfg = Release|Any CPU
		{4795BC83-B293-4065-BA09-4B69044807A5}.Release|Any CPU.Build.0 = Release|Any CPU
	EndGlobalSection
	GlobalSection(SolutionProperties) = preSolution
		HideSolutionNode = FALSE
	EndGlobalSection
	GlobalSection(ExtensibilityGlobals) = postSolution
		SolutionGuid = {D8256A9D-11F9-4256-A33C-4045ED154E1B}
	EndGlobalSection
EndGlobal
