
Microsoft Visual Studio Solution File, Format Version 12.00
# Visual Studio Version 16
VisualStudioVersion = 16.0.31424.327
MinimumVisualStudioVersion = 10.0.40219.1
Project("{9A19103F-16F7-4668-BE54-9A1E7A4F7556}") = "FundService", "FundService\FundService.csproj", "{CDC35BB2-C159-46C3-8C66-2AFD222DDA0F}"
EndProject
Project("{9A19103F-16F7-4668-BE54-9A1E7A4F7556}") = "FundLib", "FundLib\FundLib.csproj", "{C15E2779-C2A0-4B32-A54B-735682048D39}"
EndProject
Project("{FAE04EC0-301F-11D3-BF4B-00C04F79EFBC}") = "FundLibTests", "FundLibTests\FundLibTests.csproj", "{AB69FF01-AE49-441B-914D-57A414D68B6E}"
EndProject
Project("{FAE04EC0-301F-11D3-BF4B-00C04F79EFBC}") = "TestFundLib", "TestFundLib\TestFundLib.csproj", "{0F2A3672-3B0F-4AA7-9C2B-47ACB3F7767C}"
EndProject
Global
	GlobalSection(SolutionConfigurationPlatforms) = preSolution
		Debug|Any CPU = Debug|Any CPU
		Release|Any CPU = Release|Any CPU
	EndGlobalSection
	GlobalSection(ProjectConfigurationPlatforms) = postSolution
		{CDC35BB2-C159-46C3-8C66-2AFD222DDA0F}.Debug|Any CPU.ActiveCfg = Debug|Any CPU
		{CDC35BB2-C159-46C3-8C66-2AFD222DDA0F}.Debug|Any CPU.Build.0 = Debug|Any CPU
		{CDC35BB2-C159-46C3-8C66-2AFD222DDA0F}.Release|Any CPU.ActiveCfg = Release|Any CPU
		{CDC35BB2-C159-46C3-8C66-2AFD222DDA0F}.Release|Any CPU.Build.0 = Release|Any CPU
		{C15E2779-C2A0-4B32-A54B-735682048D39}.Debug|Any CPU.ActiveCfg = Debug|Any CPU
		{C15E2779-C2A0-4B32-A54B-735682048D39}.Debug|Any CPU.Build.0 = Debug|Any CPU
		{C15E2779-C2A0-4B32-A54B-735682048D39}.Release|Any CPU.ActiveCfg = Release|Any CPU
		{C15E2779-C2A0-4B32-A54B-735682048D39}.Release|Any CPU.Build.0 = Release|Any CPU
		{AB69FF01-AE49-441B-914D-57A414D68B6E}.Debug|Any CPU.ActiveCfg = Debug|Any CPU
		{AB69FF01-AE49-441B-914D-57A414D68B6E}.Debug|Any CPU.Build.0 = Debug|Any CPU
		{AB69FF01-AE49-441B-914D-57A414D68B6E}.Release|Any CPU.ActiveCfg = Release|Any CPU
		{AB69FF01-AE49-441B-914D-57A414D68B6E}.Release|Any CPU.Build.0 = Release|Any CPU
		{0F2A3672-3B0F-4AA7-9C2B-47ACB3F7767C}.Debug|Any CPU.ActiveCfg = Debug|Any CPU
		{0F2A3672-3B0F-4AA7-9C2B-47ACB3F7767C}.Debug|Any CPU.Build.0 = Debug|Any CPU
		{0F2A3672-3B0F-4AA7-9C2B-47ACB3F7767C}.Release|Any CPU.ActiveCfg = Release|Any CPU
		{0F2A3672-3B0F-4AA7-9C2B-47ACB3F7767C}.Release|Any CPU.Build.0 = Release|Any CPU
	EndGlobalSection
	GlobalSection(SolutionProperties) = preSolution
		HideSolutionNode = FALSE
	EndGlobalSection
	GlobalSection(ExtensibilityGlobals) = postSolution
		SolutionGuid = {D8256A9D-11F9-4256-A33C-4045ED154E1B}
	EndGlobalSection
EndGlobal
